{
  "nodes": {
    "babel": {
      "inputs": {
        "nixpkgs": [
          "nixpkgs"
        ],
        "treefmt": "treefmt"
      },
      "locked": {
        "lastModified": 1749436073,
        "narHash": "sha256-MPJwegO9Ale4RBLgJ1faisf1VDXkyVisFAGJLg62T3w=",
        "owner": "dysthesis",
        "repo": "babel",
        "rev": "238a0e5a7bf12a48194ee0311f1ef088c08ecbf6",
        "type": "github"
      },
      "original": {
        "owner": "dysthesis",
        "repo": "babel",
        "type": "github"
      }
    },
    "babel_2": {
      "inputs": {
        "nixpkgs": [
          "r",
          "nixpkgs"
        ],
        "treefmt": "treefmt_2"
      },
      "locked": {
        "lastModified": 1749436073,
        "narHash": "sha256-MPJwegO9Ale4RBLgJ1faisf1VDXkyVisFAGJLg62T3w=",
        "owner": "dysthesis",
        "repo": "babel",
        "rev": "238a0e5a7bf12a48194ee0311f1ef088c08ecbf6",
        "type": "github"
      },
      "original": {
        "owner": "dysthesis",
        "repo": "babel",
        "type": "github"
      }
    },
    "babel_3": {
      "inputs": {
        "nixpkgs": [
          "sim",
          "nixpkgs"
        ],
        "treefmt": "treefmt_3"
      },
      "locked": {
        "lastModified": 1749436073,
        "narHash": "sha256-MPJwegO9Ale4RBLgJ1faisf1VDXkyVisFAGJLg62T3w=",
        "owner": "dysthesis",
        "repo": "babel",
        "rev": "238a0e5a7bf12a48194ee0311f1ef088c08ecbf6",
        "type": "github"
      },
      "original": {
        "owner": "dysthesis",
        "repo": "babel",
        "type": "github"
      }
    },
    "nixpkgs": {
      "locked": {
        "lastModified": 1750915344,
        "narHash": "sha256-SBmCSiFVU+NTCyQacjaDYpbYPu8dlg1X7FS4JFBR1Do=",
        "owner": "nixos",
        "repo": "nixpkgs",
        "rev": "fcde5a91e4d851e949c616eaf5c1e74c327f2f50",
        "type": "github"
      },
      "original": {
        "owner": "nixos",
        "repo": "nixpkgs",
        "type": "github"
      }
    },
    "r": {
      "inputs": {
        "babel": "babel_2",
        "nixpkgs": [
          "nixpkgs"
        ],
        "rust-overlay": "rust-overlay",
        "treefmt-nix": "treefmt-nix"
      },
      "locked": {
        "lastModified": 1750926306,
        "narHash": "sha256-9gr7yBur3P404WcChDt7MU3AqVQQewn0ifZnI5dxapY=",
        "owner": "dysthesis",
        "repo": "r",
        "rev": "c556ea857bb4909776201f35ec64998de0763838",
        "type": "github"
      },
      "original": {
        "owner": "dysthesis",
        "repo": "r",
        "type": "github"
      }
    },
    "root": {
      "inputs": {
        "babel": "babel",
        "nixpkgs": "nixpkgs",
        "r": "r",
        "sim": "sim",
        "treefmt-nix": "treefmt-nix_3"
      }
    },
    "rust-overlay": {
      "inputs": {
        "nixpkgs": [
          "r",
          "nixpkgs"
        ]
      },
      "locked": {
        "lastModified": 1750646674,
        "narHash": "sha256-gHg6QUjMi1ObrocQUAoEhhbIfop14UNae4QDSHoKsRU=",
        "owner": "oxalica",
        "repo": "rust-overlay",
        "rev": "65162ae665154e0eddb395166bd4956358981dd0",
        "type": "github"
      },
      "original": {
        "owner": "oxalica",
        "repo": "rust-overlay",
        "type": "github"
      }
    },
    "rust-overlay_2": {
      "inputs": {
        "nixpkgs": [
          "sim",
          "nixpkgs"
        ]
      },
      "locked": {
        "lastModified": 1750560265,
        "narHash": "sha256-jQCojKl1/TzqE6ANOu6rP2qqxOcGK2xs6hpxZ77wrR8=",
        "owner": "oxalica",
        "repo": "rust-overlay",
        "rev": "076fdb0d45a9de3f379a626f51a62c78afe7efb1",
        "type": "github"
      },
      "original": {
        "owner": "oxalica",
        "repo": "rust-overlay",
        "type": "github"
      }
    },
    "sim": {
      "inputs": {
        "babel": "babel_3",
        "nixpkgs": [
          "nixpkgs"
        ],
        "rust-overlay": "rust-overlay_2",
        "treefmt-nix": "treefmt-nix_2"
      },
      "locked": {
        "lastModified": 1750660602,
        "narHash": "sha256-7E9MGszMlnNmWqhB2AhmPmTThesd1+qEgWdi2cqrxu0=",
        "owner": "dysthesis",
        "repo": "sim",
        "rev": "f09db5dd14981506c75210d4de0c60654ec77e36",
        "type": "github"
      },
      "original": {
        "owner": "dysthesis",
        "repo": "sim",
        "type": "github"
      }
    },
    "treefmt": {
      "inputs": {
        "nixpkgs": [
          "babel",
          "nixpkgs"
        ]
      },
      "locked": {
        "lastModified": 1744961264,
        "narHash": "sha256-aRmUh0AMwcbdjJHnytg1e5h5ECcaWtIFQa6d9gI85AI=",
        "owner": "numtide",
        "repo": "treefmt-nix",
        "rev": "8d404a69efe76146368885110f29a2ca3700bee6",
        "type": "github"
      },
      "original": {
        "owner": "numtide",
        "repo": "treefmt-nix",
        "type": "github"
      }
    },
    "treefmt-nix": {
      "inputs": {
        "nixpkgs": [
          "r",
          "nixpkgs"
        ]
      },
      "locked": {
        "lastModified": 1749194973,
        "narHash": "sha256-eEy8cuS0mZ2j/r/FE0/LYBSBcIs/MKOIVakwHVuqTfk=",
        "owner": "numtide",
        "repo": "treefmt-nix",
        "rev": "a05be418a1af1198ca0f63facb13c985db4cb3c5",
        "type": "github"
      },
      "original": {
        "owner": "numtide",
        "repo": "treefmt-nix",
        "type": "github"
      }
    },
    "treefmt-nix_2": {
      "inputs": {
        "nixpkgs": [
          "sim",
          "nixpkgs"
        ]
      },
      "locked": {
        "lastModified": 1749194973,
        "narHash": "sha256-eEy8cuS0mZ2j/r/FE0/LYBSBcIs/MKOIVakwHVuqTfk=",
        "owner": "numtide",
        "repo": "treefmt-nix",
        "rev": "a05be418a1af1198ca0f63facb13c985db4cb3c5",
        "type": "github"
      },
      "original": {
        "owner": "numtide",
        "repo": "treefmt-nix",
        "type": "github"
      }
    },
    "treefmt-nix_3": {
      "inputs": {
        "nixpkgs": [
          "nixpkgs"
        ]
      },
      "locked": {
        "lastModified": 1749194973,
        "narHash": "sha256-eEy8cuS0mZ2j/r/FE0/LYBSBcIs/MKOIVakwHVuqTfk=",
        "owner": "numtide",
        "repo": "treefmt-nix",
        "rev": "a05be418a1af1198ca0f63facb13c985db4cb3c5",
        "type": "github"
      },
      "original": {
        "owner": "numtide",
        "repo": "treefmt-nix",
        "type": "github"
      }
    },
    "treefmt_2": {
      "inputs": {
        "nixpkgs": [
          "r",
          "babel",
          "nixpkgs"
        ]
      },
      "locked": {
        "lastModified": 1744961264,
        "narHash": "sha256-aRmUh0AMwcbdjJHnytg1e5h5ECcaWtIFQa6d9gI85AI=",
        "owner": "numtide",
        "repo": "treefmt-nix",
        "rev": "8d404a69efe76146368885110f29a2ca3700bee6",
        "type": "github"
      },
      "original": {
        "owner": "numtide",
        "repo": "treefmt-nix",
        "type": "github"
      }
    },
    "treefmt_3": {
      "inputs": {
        "nixpkgs": [
          "sim",
          "babel",
          "nixpkgs"
        ]
      },
      "locked": {
        "lastModified": 1744961264,
        "narHash": "sha256-aRmUh0AMwcbdjJHnytg1e5h5ECcaWtIFQa6d9gI85AI=",
        "owner": "numtide",
        "repo": "treefmt-nix",
        "rev": "8d404a69efe76146368885110f29a2ca3700bee6",
        "type": "github"
      },
      "original": {
        "owner": "numtide",
        "repo": "treefmt-nix",
        "type": "github"
      }
    }
  },
  "root": "root",
  "version": 7
}
