{
  "nodes": {
    "babel": {
      "inputs": {
        "nixpkgs": [
          "nixpkgs"
        ],
        "treefmt": "treefmt"
      },
      "locked": {
        "lastModified": 1749436073,
        "narHash": "sha256-MPJwegO9Ale4RBLgJ1faisf1VDXkyVisFAGJLg62T3w=",
        "owner": "dysthesis",
        "repo": "babel",
        "rev": "238a0e5a7bf12a48194ee0311f1ef088c08ecbf6",
        "type": "github"
      },
      "original": {
        "owner": "dysthesis",
        "repo": "babel",
        "type": "github"
      }
    },
    "babel_2": {
      "inputs": {
        "nixpkgs": [
          "clean",
          "nixpkgs"
        ],
        "treefmt": "treefmt_2"
      },
      "locked": {
        "lastModified": 1749436073,
        "narHash": "sha256-MPJwegO9Ale4RBLgJ1faisf1VDXkyVisFAGJLg62T3w=",
        "owner": "dysthesis",
        "repo": "babel",
        "rev": "238a0e5a7bf12a48194ee0311f1ef088c08ecbf6",
        "type": "github"
      },
      "original": {
        "owner": "dysthesis",
        "repo": "babel",
        "type": "github"
      }
    },
    "babel_3": {
      "inputs": {
        "nixpkgs": [
          "r",
          "nixpkgs"
        ],
        "treefmt": "treefmt_3"
      },
      "locked": {
        "lastModified": 1749436073,
        "narHash": "sha256-MPJwegO9Ale4RBLgJ1faisf1VDXkyVisFAGJLg62T3w=",
        "owner": "dysthesis",
        "repo": "babel",
        "rev": "238a0e5a7bf12a48194ee0311f1ef088c08ecbf6",
        "type": "github"
      },
      "original": {
        "owner": "dysthesis",
        "repo": "babel",
        "type": "github"
      }
    },
    "babel_4": {
      "inputs": {
        "nixpkgs": [
          "sim",
          "nixpkgs"
        ],
        "treefmt": "treefmt_4"
      },
      "locked": {
        "lastModified": 1749436073,
        "narHash": "sha256-MPJwegO9Ale4RBLgJ1faisf1VDXkyVisFAGJLg62T3w=",
        "owner": "dysthesis",
        "repo": "babel",
        "rev": "238a0e5a7bf12a48194ee0311f1ef088c08ecbf6",
        "type": "github"
      },
      "original": {
        "owner": "dysthesis",
        "repo": "babel",
        "type": "github"
      }
    },
    "clean": {
      "inputs": {
        "babel": "babel_2",
        "nixpkgs": [
          "nixpkgs"
        ],
        "rust-overlay": "rust-overlay",
        "treefmt-nix": "treefmt-nix"
      },
      "locked": {
        "lastModified": 1751188635,
        "narHash": "sha256-ZnIrbymseYRbkVGgJAqiSiMWK660isgEGsDbkaG3O6k=",
        "owner": "dysthesis",
        "repo": "clean",
        "rev": "6b73f7729ff83a615f3d1358a90e612714de31c8",
        "type": "github"
      },
      "original": {
        "owner": "dysthesis",
        "repo": "clean",
        "type": "github"
      }
    },
    "nixpkgs": {
      "locked": {
        "lastModified": 1751366633,
        "narHash": "sha256-LzGkR+8mBNsEiB0HeNApok/Bql8qj0KS1zM98w0LJfM=",
        "owner": "nixos",
        "repo": "nixpkgs",
        "rev": "5de2d661db05a85630810999fcf7b87b6c7a1b95",
        "type": "github"
      },
      "original": {
        "owner": "nixos",
        "repo": "nixpkgs",
        "type": "github"
      }
    },
    "r": {
      "inputs": {
        "babel": "babel_3",
        "nixpkgs": [
          "nixpkgs"
        ],
        "rust-overlay": "rust-overlay_2",
        "treefmt-nix": "treefmt-nix_2"
      },
      "locked": {
        "lastModified": 1751191633,
        "narHash": "sha256-FKdw1iW9+DYGEkMLfzW1Dh/VRWTjSWQ8nSE1DJ/d9Jc=",
        "owner": "dysthesis",
        "repo": "r",
        "rev": "4d2ed3afa9c9a4a7087db67b9575f498f28bf8ee",
        "type": "github"
      },
      "original": {
        "owner": "dysthesis",
        "repo": "r",
        "type": "github"
      }
    },
    "root": {
      "inputs": {
        "babel": "babel",
        "clean": "clean",
        "nixpkgs": "nixpkgs",
        "r": "r",
        "sim": "sim",
        "treefmt-nix": "treefmt-nix_4"
      }
    },
    "rust-overlay": {
      "inputs": {
        "nixpkgs": [
          "clean",
          "nixpkgs"
        ]
      },
      "locked": {
        "lastModified": 1751078221,
        "narHash": "sha256-/SRmXIPxL7ixFLZgcDdgZDuIwt8eWQAamMYer0ODwbM=",
        "owner": "oxalica",
        "repo": "rust-overlay",
        "rev": "1712a6d3430ca75353d366b7ddd1c79d6b243efc",
        "type": "github"
      },
      "original": {
        "owner": "oxalica",
        "repo": "rust-overlay",
        "type": "github"
      }
    },
    "rust-overlay_2": {
      "inputs": {
        "nixpkgs": [
          "r",
          "nixpkgs"
        ]
      },
      "locked": {
        "lastModified": 1751165203,
        "narHash": "sha256-3QhlpAk2yn+ExwvRLtaixWsVW1q3OX3KXXe0l8VMLl4=",
        "owner": "oxalica",
        "repo": "rust-overlay",
        "rev": "90f547b90e73d3c6025e66c5b742d6db51c418c3",
        "type": "github"
      },
      "original": {
        "owner": "oxalica",
        "repo": "rust-overlay",
        "type": "github"
      }
    },
    "rust-overlay_3": {
      "inputs": {
        "nixpkgs": [
          "sim",
          "nixpkgs"
        ]
      },
      "locked": {
        "lastModified": 1750560265,
        "narHash": "sha256-jQCojKl1/TzqE6ANOu6rP2qqxOcGK2xs6hpxZ77wrR8=",
        "owner": "oxalica",
        "repo": "rust-overlay",
        "rev": "076fdb0d45a9de3f379a626f51a62c78afe7efb1",
        "type": "github"
      },
      "original": {
        "owner": "oxalica",
        "repo": "rust-overlay",
        "type": "github"
      }
    },
    "sim": {
      "inputs": {
        "babel": "babel_4",
        "nixpkgs": [
          "nixpkgs"
        ],
        "rust-overlay": "rust-overlay_3",
        "treefmt-nix": "treefmt-nix_3"
      },
      "locked": {
        "lastModified": 1751423167,
        "narHash": "sha256-oDpkKwvGmh8hBdFcQw5M37K5901uXeVhMgTOkQpI+KM=",
        "owner": "dysthesis",
        "repo": "sim",
        "rev": "388f214c305c49847a5b16208f74fc1e4a5f1887",
        "type": "github"
      },
      "original": {
        "owner": "dysthesis",
        "repo": "sim",
        "type": "github"
      }
    },
    "treefmt": {
      "inputs": {
        "nixpkgs": [
          "babel",
          "nixpkgs"
        ]
      },
      "locked": {
        "lastModified": 1744961264,
        "narHash": "sha256-aRmUh0AMwcbdjJHnytg1e5h5ECcaWtIFQa6d9gI85AI=",
        "owner": "numtide",
        "repo": "treefmt-nix",
        "rev": "8d404a69efe76146368885110f29a2ca3700bee6",
        "type": "github"
      },
      "original": {
        "owner": "numtide",
        "repo": "treefmt-nix",
        "type": "github"
      }
    },
    "treefmt-nix": {
      "inputs": {
        "nixpkgs": [
          "clean",
          "nixpkgs"
        ]
      },
      "locked": {
        "lastModified": 1750931469,
        "narHash": "sha256-0IEdQB1nS+uViQw4k3VGUXntjkDp7aAlqcxdewb/hAc=",
        "owner": "numtide",
        "repo": "treefmt-nix",
        "rev": "ac8e6f32e11e9c7f153823abc3ab007f2a65d3e1",
        "type": "github"
      },
      "original": {
        "owner": "numtide",
        "repo": "treefmt-nix",
        "type": "github"
      }
    },
    "treefmt-nix_2": {
      "inputs": {
        "nixpkgs": [
          "r",
          "nixpkgs"
        ]
      },
      "locked": {
        "lastModified": 1750931469,
        "narHash": "sha256-0IEdQB1nS+uViQw4k3VGUXntjkDp7aAlqcxdewb/hAc=",
        "owner": "numtide",
        "repo": "treefmt-nix",
        "rev": "ac8e6f32e11e9c7f153823abc3ab007f2a65d3e1",
        "type": "github"
      },
      "original": {
        "owner": "numtide",
        "repo": "treefmt-nix",
        "type": "github"
      }
    },
    "treefmt-nix_3": {
      "inputs": {
        "nixpkgs": [
          "sim",
          "nixpkgs"
        ]
      },
      "locked": {
        "lastModified": 1749194973,
        "narHash": "sha256-eEy8cuS0mZ2j/r/FE0/LYBSBcIs/MKOIVakwHVuqTfk=",
        "owner": "numtide",
        "repo": "treefmt-nix",
        "rev": "a05be418a1af1198ca0f63facb13c985db4cb3c5",
        "type": "github"
      },
      "original": {
        "owner": "numtide",
        "repo": "treefmt-nix",
        "type": "github"
      }
    },
    "treefmt-nix_4": {
      "inputs": {
        "nixpkgs": [
          "nixpkgs"
        ]
      },
      "locked": {
        "lastModified": 1750931469,
        "narHash": "sha256-0IEdQB1nS+uViQw4k3VGUXntjkDp7aAlqcxdewb/hAc=",
        "owner": "numtide",
        "repo": "treefmt-nix",
        "rev": "ac8e6f32e11e9c7f153823abc3ab007f2a65d3e1",
        "type": "github"
      },
      "original": {
        "owner": "numtide",
        "repo": "treefmt-nix",
        "type": "github"
      }
    },
    "treefmt_2": {
      "inputs": {
        "nixpkgs": [
          "clean",
          "babel",
          "nixpkgs"
        ]
      },
      "locked": {
        "lastModified": 1744961264,
        "narHash": "sha256-aRmUh0AMwcbdjJHnytg1e5h5ECcaWtIFQa6d9gI85AI=",
        "owner": "numtide",
        "repo": "treefmt-nix",
        "rev": "8d404a69efe76146368885110f29a2ca3700bee6",
        "type": "github"
      },
      "original": {
        "owner": "numtide",
        "repo": "treefmt-nix",
        "type": "github"
      }
    },
    "treefmt_3": {
      "inputs": {
        "nixpkgs": [
          "r",
          "babel",
          "nixpkgs"
        ]
      },
      "locked": {
        "lastModified": 1744961264,
        "narHash": "sha256-aRmUh0AMwcbdjJHnytg1e5h5ECcaWtIFQa6d9gI85AI=",
        "owner": "numtide",
        "repo": "treefmt-nix",
        "rev": "8d404a69efe76146368885110f29a2ca3700bee6",
        "type": "github"
      },
      "original": {
        "owner": "numtide",
        "repo": "treefmt-nix",
        "type": "github"
      }
    },
    "treefmt_4": {
      "inputs": {
        "nixpkgs": [
          "sim",
          "babel",
          "nixpkgs"
        ]
      },
      "locked": {
        "lastModified": 1744961264,
        "narHash": "sha256-aRmUh0AMwcbdjJHnytg1e5h5ECcaWtIFQa6d9gI85AI=",
        "owner": "numtide",
        "repo": "treefmt-nix",
        "rev": "8d404a69efe76146368885110f29a2ca3700bee6",
        "type": "github"
      },
      "original": {
        "owner": "numtide",
        "repo": "treefmt-nix",
        "type": "github"
      }
    }
  },
  "root": "root",
  "version": 7
}
